
Microsoft Visual Studio Solution File, Format Version 12.00
# Visual Studio Version 16
VisualStudioVersion = 16.0.30907.101
MinimumVisualStudioVersion = 10.0.40219.1
Project("{FAE04EC0-301F-11D3-BF4B-00C04F79EFBC}") = "DataAccess", "DataAccess\DataAccess.csproj", "{1947AC21-A71D-4116-A335-E51035DCCC01}"
EndProject
Project("{FAE04EC0-301F-11D3-BF4B-00C04F79EFBC}") = "Business", "Business\Business.csproj", "{200E7475-6DEA-4672-B931-F7F4DC2CE96F}"
EndProject
Project("{FAE04EC0-301F-11D3-BF4B-00C04F79EFBC}") = "Entities", "Entities\Entities.csproj", "{C61A9531-5CA7-4540-AE36-F40047C9186C}"
EndProject
Project("{FAE04EC0-301F-11D3-BF4B-00C04F79EFBC}") = "ConsoleUI", "ConsoleUI\ConsoleUI.csproj", "{E9D8C6C0-D2E5-489B-8522-6B422B2146B1}"
EndProject
Global
	GlobalSection(SolutionConfigurationPlatforms) = preSolution
		Debug|Any CPU = Debug|Any CPU
		Release|Any CPU = Release|Any CPU
	EndGlobalSection
	GlobalSection(ProjectConfigurationPlatforms) = postSolution
		{1947AC21-A71D-4116-A335-E51035DCCC01}.Debug|Any CPU.ActiveCfg = Debug|Any CPU
		{1947AC21-A71D-4116-A335-E51035DCCC01}.Debug|Any CPU.Build.0 = Debug|Any CPU
		{1947AC21-A71D-4116-A335-E51035DCCC01}.Release|Any CPU.ActiveCfg = Release|Any CPU
		{1947AC21-A71D-4116-A335-E51035DCCC01}.Release|Any CPU.Build.0 = Release|Any CPU
		{200E7475-6DEA-4672-B931-F7F4DC2CE96F}.Debug|Any CPU.ActiveCfg = Debug|Any CPU
		{200E7475-6DEA-4672-B931-F7F4DC2CE96F}.Debug|Any CPU.Build.0 = Debug|Any CPU
		{200E7475-6DEA-4672-B931-F7F4DC2CE96F}.Release|Any CPU.ActiveCfg = Release|Any CPU
		{200E7475-6DEA-4672-B931-F7F4DC2CE96F}.Release|Any CPU.Build.0 = Release|Any CPU
		{C61A9531-5CA7-4540-AE36-F40047C9186C}.Debug|Any CPU.ActiveCfg = Debug|Any CPU
		{C61A9531-5CA7-4540-AE36-F40047C9186C}.Debug|Any CPU.Build.0 = Debug|Any CPU
		{C61A9531-5CA7-4540-AE36-F40047C9186C}.Release|Any CPU.ActiveCfg = Release|Any CPU
		{C61A9531-5CA7-4540-AE36-F40047C9186C}.Release|Any CPU.Build.0 = Release|Any CPU
		{E9D8C6C0-D2E5-489B-8522-6B422B2146B1}.Debug|Any CPU.ActiveCfg = Debug|Any CPU
		{E9D8C6C0-D2E5-489B-8522-6B422B2146B1}.Debug|Any CPU.Build.0 = Debug|Any CPU
		{E9D8C6C0-D2E5-489B-8522-6B422B2146B1}.Release|Any CPU.ActiveCfg = Release|Any CPU
		{E9D8C6C0-D2E5-489B-8522-6B422B2146B1}.Release|Any CPU.Build.0 = Release|Any CPU
	EndGlobalSection
	GlobalSection(SolutionProperties) = preSolution
		HideSolutionNode = FALSE
	EndGlobalSection
	GlobalSection(ExtensibilityGlobals) = postSolution
		SolutionGuid = {27049C94-CA73-4190-B432-21C276049731}
	EndGlobalSection
EndGlobal
